
Microsoft Visual Studio Solution File, Format Version 12.00
# Visual Studio Version 17
VisualStudioVersion = 17.5.33627.172
MinimumVisualStudioVersion = 10.0.40219.1
Project("{FAE04EC0-301F-11D3-BF4B-00C04F79EFBC}") = "MvcEticaret", "MvcEticaret.csproj", "{B0CBE813-1903-4CA7-9CFC-5B47E5C92F4B}"
EndProject
Global
	GlobalSection(SolutionConfigurationPlatforms) = preSolution
		Debug|Any CPU = Debug|Any CPU
		Release|Any CPU = Release|Any CPU
	EndGlobalSection
	GlobalSection(ProjectConfigurationPlatforms) = postSolution
		{B0CBE813-1903-4CA7-9CFC-5B47E5C92F4B}.Debug|Any CPU.ActiveCfg = Debug|Any CPU
		{B0CBE813-1903-4CA7-9CFC-5B47E5C92F4B}.Debug|Any CPU.Build.0 = Debug|Any CPU
		{B0CBE813-1903-4CA7-9CFC-5B47E5C92F4B}.Release|Any CPU.ActiveCfg = Release|Any CPU
		{B0CBE813-1903-4CA7-9CFC-5B47E5C92F4B}.Release|Any CPU.Build.0 = Release|Any CPU
	EndGlobalSection
	GlobalSection(SolutionProperties) = preSolution
		HideSolutionNode = FALSE
	EndGlobalSection
	GlobalSection(ExtensibilityGlobals) = postSolution
		SolutionGuid = {30632D18-155E-4462-B8EF-1629E07F51A7}
	EndGlobalSection
EndGlobal
